
Microsoft Visual Studio Solution File, Format Version 12.00
# Visual Studio Version 16
VisualStudioVersion = 16.0.30523.141
MinimumVisualStudioVersion = 10.0.40219.1
Project("{FAE04EC0-301F-11D3-BF4B-00C04F79EFBC}") = "STUDENTbookServer", "STUDENTbookServer\STUDENTbookServer.csproj", "{4C296355-CF82-4E4F-AFB3-C7DAC647707B}"
EndProject
Global
	GlobalSection(SolutionConfigurationPlatforms) = preSolution
		Debug|Any CPU = Debug|Any CPU
		Release|Any CPU = Release|Any CPU
	EndGlobalSection
	GlobalSection(ProjectConfigurationPlatforms) = postSolution
		{4C296355-CF82-4E4F-AFB3-C7DAC647707B}.Debug|Any CPU.ActiveCfg = Debug|Any CPU
		{4C296355-CF82-4E4F-AFB3-C7DAC647707B}.Debug|Any CPU.Build.0 = Debug|Any CPU
		{4C296355-CF82-4E4F-AFB3-C7DAC647707B}.Release|Any CPU.ActiveCfg = Release|Any CPU
		{4C296355-CF82-4E4F-AFB3-C7DAC647707B}.Release|Any CPU.Build.0 = Release|Any CPU
	EndGlobalSection
	GlobalSection(SolutionProperties) = preSolution
		HideSolutionNode = FALSE
	EndGlobalSection
	GlobalSection(ExtensibilityGlobals) = postSolution
		SolutionGuid = {57447550-C756-4EAE-A3C7-3F2F96BBA458}
	EndGlobalSection
EndGlobal
